{
  "name": "dsh-approval-center-t5-fixture-015",
  "lockfileVersion": 3,
  "requires": true,
  "packages": {
    "": {
      "name": "dsh-approval-center-t5-fixture-015",
      "dependencies": {
        "@deepseek-ai/cordis": "4.0.4",
        "@deepseek-ai/dsh-llm": "0.1.5-rc.1",
        "@deepseek-ai/dsh-scope": "0.1.5-rc.1",
        "@deepseek-ai/dsh-session": "0.1.5-rc.1",
        "@deepseek-ai/dsh-user-approval": "0.1.5-rc.1"
      }
    },
    "node_modules/@deepseek-ai/cordis": {
      "version": "4.0.4",
      "resolved": "https://registry.npmmirror.com/@deepseek-ai/cordis/-/cordis-4.0.4.tgz",
      "integrity": "sha512-obgyxqWAmFn3Re8kvsuUnyW+ihrz6eJCnJO4fh1cQzDtmPYz/zzVeUkH9R94I0OwSVOocK67Kgakm04j/oQXzg==",
      "license": "MIT",
      "dependencies": {
        "@deepseek-ai/cosmokit": "~1.8.5",
        "@standard-schema/spec": "^1.1.0"
      },
      "bin": {
        "cordis": "bin.js"
      },
      "peerDependencies": {
        "@deepseek-ai/cordis-plugin-include": "~1.0.9",
        "@deepseek-ai/cordis-plugin-loader": "~1.0.5"
      },
      "peerDependenciesMeta": {
        "@deepseek-ai/cordis-plugin-include": {
          "optional": true
        },
        "@deepseek-ai/cordis-plugin-loader": {
          "optional": true
        }
      }
    },
    "node_modules/@deepseek-ai/cosmokit": {
      "version": "1.8.5",
      "resolved": "https://registry.npmmirror.com/@deepseek-ai/cosmokit/-/cosmokit-1.8.5.tgz",
      "integrity": "sha512-LXsrlem9z8dq4sLflj2yuCuYX7KqhdzF5hZly3eZyuTo8d6oDSOXuEgC5DbQWKW+lksm6zmOutQLsP/ma6wR6A==",
      "license": "MIT"
    },
    "node_modules/@deepseek-ai/dsh-agent": {
      "version": "0.1.5-rc.1",
      "resolved": "https://registry.npmmirror.com/@deepseek-ai/dsh-agent/-/dsh-agent-0.1.5-rc.1.tgz",
      "integrity": "sha512-obIPyTSjq1y0Yhasm3mLhK5BW6Ge0VQoRT8FBt0ooLsct2+pFAjgyd7GP3KzFaz7zaEhQJ/NNEmCaU0KOsYutg==",
      "license": "MIT",
      "peer": true,
      "peerDependencies": {
        "@deepseek-ai/cordis": "^4.0.2",
        "@deepseek-ai/dsh-invariants": "^0.1.5-rc.1",
        "@deepseek-ai/dsh-llm": "^0.1.5-rc.1",
        "@deepseek-ai/dsh-scope": "^0.1.5-rc.1",
        "@deepseek-ai/dsh-session": "^0.1.5-rc.1",
        "@deepseek-ai/dsh-session-projection": "^0.1.5-rc.1",
        "@deepseek-ai/dsh-system-prompt": "^0.1.5-rc.1",
        "@deepseek-ai/dsh-typert-protocol": "^0.1.5-rc.1",
        "@deepseek-ai/dsh-util-values": "^0.1.5-rc.1"
      }
    },
    "node_modules/@deepseek-ai/dsh-brand": {
      "version": "0.1.5-rc.1",
      "resolved": "https://registry.npmmirror.com/@deepseek-ai/dsh-brand/-/dsh-brand-0.1.5-rc.1.tgz",
      "integrity": "sha512-nfEsuSNghhrcvjMnjlPU55Z60K/5FjCRY4ZJtnc0SHR0PgoMl7N9I9+y4t2kDMe3rnEKlH2UgIGIZ/msGOYvpg==",
      "license": "MIT",
      "peerDependencies": {
        "@deepseek-ai/cordis": "^4.0.2"
      }
    },
    "node_modules/@deepseek-ai/dsh-invariants": {
      "version": "0.1.5-rc.1",
      "resolved": "https://registry.npmmirror.com/@deepseek-ai/dsh-invariants/-/dsh-invariants-0.1.5-rc.1.tgz",
      "integrity": "sha512-iXhJJ3r34NHFEWiuc5pxXlU19hPfNclvH9Ll0X7CzQ39Oh/4UlfO3DBlLpBU7T9fE/y7/UkuI1aRt+dNeiVQsQ==",
      "license": "MIT",
      "peer": true,
      "dependencies": {
        "@deepseek-ai/schemastery": "^3.18.2"
      },
      "peerDependencies": {
        "@deepseek-ai/cordis": "^4.0.2"
      }
    },
    "node_modules/@deepseek-ai/dsh-llm": {
      "version": "0.1.5-rc.1",
      "resolved": "https://registry.npmmirror.com/@deepseek-ai/dsh-llm/-/dsh-llm-0.1.5-rc.1.tgz",
      "integrity": "sha512-KPKJFTNLjURphuF4NlS8DRK94CUYL/dKB8Hzg/22jtxAFO2paX3ifL0vhdPq9xPbcyplaF7LYlf0+3+pXFTnTg==",
      "license": "MIT",
      "dependencies": {
        "@deepseek-ai/dsh-brand": "^0.1.5-rc.1",
        "@deepseek-ai/dsh-timeout": "^0.1.5-rc.1",
        "@deepseek-ai/dsh-typert-protocol": "^0.1.5-rc.1",
        "@deepseek-ai/dsh-util-crypto": "^0.1.5-rc.1",
        "@deepseek-ai/dsh-util-values": "^0.1.5-rc.1",
        "@deepseek-ai/schemastery": "^3.18.2",
        "zod": "^4.4.3"
      },
      "peerDependencies": {
        "@deepseek-ai/cordis": "^4.0.2"
      }
    },
    "node_modules/@deepseek-ai/dsh-scope": {
      "version": "0.1.5-rc.1",
      "resolved": "https://registry.npmmirror.com/@deepseek-ai/dsh-scope/-/dsh-scope-0.1.5-rc.1.tgz",
      "integrity": "sha512-HU6AGzCCWSQUS9KoDBAPkyQqgUVp+iI9P5Zn0qzLJv3IOdt6cYvxgjt/rORryuQUR9AUj7CGFO3OYw833H7HWA==",
      "license": "MIT",
      "peerDependencies": {
        "@deepseek-ai/cordis": "^4.0.2",
        "@deepseek-ai/dsh-invariants": "^0.1.5-rc.1"
      }
    },
    "node_modules/@deepseek-ai/dsh-session": {
      "version": "0.1.5-rc.1",
      "resolved": "https://registry.npmmirror.com/@deepseek-ai/dsh-session/-/dsh-session-0.1.5-rc.1.tgz",
      "integrity": "sha512-0YBBrzkCbVEJolS/OpD0DZMSozmYxUTZopiG76MXInjOFBW9J4ca1a8WUjJjqelP1nJTmWGKXp92HcvNEny0Dg==",
      "license": "MIT",
      "dependencies": {
        "@deepseek-ai/dsh-brand": "^0.1.5-rc.1",
        "@deepseek-ai/dsh-llm": "^0.1.5-rc.1",
        "@deepseek-ai/dsh-util-values": "^0.1.5-rc.1"
      },
      "peerDependencies": {
        "@deepseek-ai/cordis": "^4.0.2",
        "@deepseek-ai/dsh-scope": "^0.1.5-rc.1"
      }
    },
    "node_modules/@deepseek-ai/dsh-session-projection": {
      "version": "0.1.5-rc.1",
      "resolved": "https://registry.npmmirror.com/@deepseek-ai/dsh-session-projection/-/dsh-session-projection-0.1.5-rc.1.tgz",
      "integrity": "sha512-dwDS3ite9I1oOAPneA87ieHBd+szFNrTeMNF4XHRxexMbBWxNZUv62h714UMNlk2niGKsAKE56PzwlnWHmGwGg==",
      "license": "MIT",
      "peer": true,
      "dependencies": {
        "zod": "^4.4.3"
      },
      "peerDependencies": {
        "@deepseek-ai/cordis": "^4.0.2",
        "@deepseek-ai/dsh-session": "^0.1.5-rc.1"
      }
    },
    "node_modules/@deepseek-ai/dsh-system-prompt": {
      "version": "0.1.5-rc.1",
      "resolved": "https://registry.npmmirror.com/@deepseek-ai/dsh-system-prompt/-/dsh-system-prompt-0.1.5-rc.1.tgz",
      "integrity": "sha512-RAdO9biQoga1vAVTQY9J7THexiOE1FOd1Nli021MQt+Zf73c83BSd2DwXb0WDilLaMeSxZPaIRRqoXpJlpmLIA==",
      "license": "MIT",
      "peer": true,
      "dependencies": {
        "@deepseek-ai/schemastery": "^3.18.2"
      },
      "peerDependencies": {
        "@deepseek-ai/cordis": "^4.0.2",
        "@deepseek-ai/dsh-invariants": "^0.1.5-rc.1",
        "@deepseek-ai/dsh-llm": "^0.1.5-rc.1",
        "@deepseek-ai/dsh-scope": "^0.1.5-rc.1"
      }
    },
    "node_modules/@deepseek-ai/dsh-timeout": {
      "version": "0.1.5-rc.1",
      "resolved": "https://registry.npmmirror.com/@deepseek-ai/dsh-timeout/-/dsh-timeout-0.1.5-rc.1.tgz",
      "integrity": "sha512-BcV4y/uCIm82VlIwuGsbLjAZXOxRBmjwusi637MV25hJhhGuWaKoMqAa0D/Lcfqu8hU+g3vgGJdpQvhHnG8sgQ==",
      "license": "MIT",
      "peerDependencies": {
        "@deepseek-ai/cordis": "^4.0.2"
      }
    },
    "node_modules/@deepseek-ai/dsh-typert-protocol": {
      "version": "0.1.5-rc.1",
      "resolved": "https://registry.npmmirror.com/@deepseek-ai/dsh-typert-protocol/-/dsh-typert-protocol-0.1.5-rc.1.tgz",
      "integrity": "sha512-HBxnSnvjiYPlir6An+/W+66dTRQnwpbNUbtOH6e5LHuV4CcHL5yrimTbMI04olJM9w2U9FyfwDOzmW6uqWjAew==",
      "license": "MIT",
      "peerDependencies": {
        "@deepseek-ai/cordis": "^4.0.2"
      }
    },
    "node_modules/@deepseek-ai/dsh-user-approval": {
      "version": "0.1.5-rc.1",
      "resolved": "https://registry.npmmirror.com/@deepseek-ai/dsh-user-approval/-/dsh-user-approval-0.1.5-rc.1.tgz",
      "integrity": "sha512-fSxEBvHQnozIh5HV31t2BNodYzyv7iE2srna7p5k0Y/3R9c6DdoZyQZ9momcN9gloraq8HK5+cvrYHzgc4LYPQ==",
      "license": "MIT",
      "dependencies": {
        "@deepseek-ai/schemastery": "^3.18.2"
      },
      "peerDependencies": {
        "@deepseek-ai/cordis": "^4.0.2",
        "@deepseek-ai/dsh-agent": "^0.1.5-rc.1",
        "@deepseek-ai/dsh-brand": "^0.1.5-rc.1",
        "@deepseek-ai/dsh-invariants": "^0.1.5-rc.1",
        "@deepseek-ai/dsh-llm": "^0.1.5-rc.1",
        "@deepseek-ai/dsh-scope": "^0.1.5-rc.1",
        "@deepseek-ai/dsh-session": "^0.1.5-rc.1",
        "@deepseek-ai/dsh-system-prompt": "^0.1.5-rc.1"
      }
    },
    "node_modules/@deepseek-ai/dsh-util-crypto": {
      "version": "0.1.5-rc.1",
      "resolved": "https://registry.npmmirror.com/@deepseek-ai/dsh-util-crypto/-/dsh-util-crypto-0.1.5-rc.1.tgz",
      "integrity": "sha512-8ZosLrwbXdsWRlZ/0Yu85GMhKbFHqGD+ayiFzABXGb3sxfG6nbQQWKtv1sRr77wJ6wYvM2R9rPOg+EDWkGocqQ==",
      "license": "MIT",
      "peerDependencies": {
        "@deepseek-ai/cordis": "^4.0.2"
      }
    },
    "node_modules/@deepseek-ai/dsh-util-values": {
      "version": "0.1.5-rc.1",
      "resolved": "https://registry.npmmirror.com/@deepseek-ai/dsh-util-values/-/dsh-util-values-0.1.5-rc.1.tgz",
      "integrity": "sha512-iHH62b+Mc0ueLHn1OQGLOC6+WMqjyK2+wxCkaiQGoGHBAyRGQBnBWiFAOGxp2xIElCXsc1mU1nrkN8D6jppYQg==",
      "license": "MIT",
      "peerDependencies": {
        "@deepseek-ai/cordis": "^4.0.2"
      }
    },
    "node_modules/@deepseek-ai/schemastery": {
      "version": "3.18.4",
      "resolved": "https://registry.npmmirror.com/@deepseek-ai/schemastery/-/schemastery-3.18.4.tgz",
      "integrity": "sha512-SSXO6tYuyrIqKVbmOnIq0s+riUywYzouFMcnBluHF9n4KMo2G8HvEzhCYj6pj2617/glOjbJuVInJ9hfONsjkg==",
      "license": "MIT",
      "dependencies": {
        "@deepseek-ai/cosmokit": "~1.8.5",
        "@standard-schema/spec": "^1.1.0"
      }
    },
    "node_modules/@standard-schema/spec": {
      "version": "1.1.0",
      "resolved": "https://registry.npmmirror.com/@standard-schema/spec/-/spec-1.1.0.tgz",
      "integrity": "sha512-l2aFy5jALhniG5HgqrD6jXLi/rUWrKvqN/qJx6yoJsgKhblVd+iqqU4RCXavm/jPityDo5TCvKMnpjKnOriy0w==",
      "license": "MIT"
    },
    "node_modules/zod": {
      "version": "4.6.5",
      "resolved": "https://registry.npmmirror.com/zod/-/zod-4.6.5.tgz",
      "integrity": "sha512-v5l/aFXZQeai4awLbOpSoHecE9UiMrnfx75tEXLjNonXVARxQ5mOeipTjROUchszUNCqnE+hqAMujRsRHsut2Q==",
      "license": "MIT",
      "funding": {
        "url": "https://github.com/sponsors/colinhacks"
      }
    }
  }
}
